{
  "name": "task.js",
  "lockfileVersion": 3,
  "requires": true,
  "packages": {
    "": {
      "name": "task.js",
      "dependencies": {
        "asciinema-player": "^3.6.3",
        "crc-32": "^1.2.2",
        "lodash": "^4.17.21"
      }
    },
    "node_modules/@babel/runtime": {
      "version": "7.23.9",
      "resolved": "https://registry.npmjs.org/@babel/runtime/-/runtime-7.23.9.tgz",
      "integrity": "sha512-0CX6F+BI2s9dkUqr08KFrAIZgNFj75rdBU/DjCyYLIaV/quFjkk6T+EJ2LkZHyZTbEV4L5p97mNkUsHl2wLFAw==",
      "dependencies": {
        "regenerator-runtime": "^0.14.0"
      },
      "engines": {
        "node": ">=6.9.0"
      }
    },
    "node_modules/asciinema-player": {
      "version": "3.6.3",
      "resolved": "https://registry.npmjs.org/asciinema-player/-/asciinema-player-3.6.3.tgz",
      "integrity": "sha512-62aDgLpbuduhmpFfNgPOzf6fOluACLsftVnjpWJjUXX6dqhqTckFqWoJ+ayA0XjSlZ9l9wXTcJqRqvAAIpMblg==",
      "dependencies": {
        "@babel/runtime": "^7.21.0",
        "solid-js": "^1.3.0"
      }
    },
    "node_modules/crc-32": {
      "version": "1.2.2",
      "resolved": "https://registry.npmjs.org/crc-32/-/crc-32-1.2.2.tgz",
      "integrity": "sha512-ROmzCKrTnOwybPcJApAA6WBWij23HVfGVNKqqrZpuyZOHqK2CwHSvpGuyt/UNNvaIjEd8X5IFGp4Mh+Ie1IHJQ==",
      "bin": {
        "crc32": "bin/crc32.njs"
      },
      "engines": {
        "node": ">=0.8"
      }
    },
    "node_modules/csstype": {
      "version": "3.1.3",
      "resolved": "https://registry.npmjs.org/csstype/-/csstype-3.1.3.tgz",
      "integrity": "sha512-M1uQkMl8rQK/szD0LNhtqxIPLpimGm8sOBwU7lLnCpSbTyY3yeU1Vc7l4KT5zT4s/yOxHH5O7tIuuLOCnLADRw=="
    },
    "node_modules/lodash": {
      "version": "4.17.21",
      "resolved": "https://registry.npmjs.org/lodash/-/lodash-4.17.21.tgz",
      "integrity": "sha512-v2kDEe57lecTulaDIuNTPy3Ry4gLGJ6Z1O3vE1krgXZNrsQ+LFTGHVxVjcXPs17LhbZVGedAJv8XZ1tvj5FvSg=="
    },
    "node_modules/regenerator-runtime": {
      "version": "0.14.1",
      "resolved": "https://registry.npmjs.org/regenerator-runtime/-/regenerator-runtime-0.14.1.tgz",
      "integrity": "sha512-dYnhHh0nJoMfnkZs6GmmhFknAGRrLznOu5nc9ML+EJxGvrx6H7teuevqVqCuPcPK//3eDrrjQhehXVx9cnkGdw=="
    },
    "node_modules/seroval": {
      "version": "1.0.4",
      "resolved": "https://registry.npmjs.org/seroval/-/seroval-1.0.4.tgz",
      "integrity": "sha512-qQs/N+KfJu83rmszFQaTxcoJoPn6KNUruX4KmnmyD0oZkUoiNvJ1rpdYKDf4YHM05k+HOgCxa3yvf15QbVijGg==",
      "engines": {
        "node": ">=10"
      }
    },
    "node_modules/seroval-plugins": {
      "version": "1.0.4",
      "resolved": "https://registry.npmjs.org/seroval-plugins/-/seroval-plugins-1.0.4.tgz",
      "integrity": "sha512-DQ2IK6oQVvy8k+c2V5x5YCtUa/GGGsUwUBNN9UqohrZ0rWdUapBFpNMYP1bCyRHoxOJjdKGl+dieacFIpU/i1A==",
      "engines": {
        "node": ">=10"
      },
      "peerDependencies": {
        "seroval": "^1.0"
      }
    },
    "node_modules/solid-js": {
      "version": "1.8.14",
      "resolved": "https://registry.npmjs.org/solid-js/-/solid-js-1.8.14.tgz",
      "integrity": "sha512-kDfgHBm+ROVLDVuqaXh/jYz0ZVJ29TYfVsKsgDPtNcjoyaPtOvDX2l0tVnthjLdEXr7vDTYeqEYFfMkZakDsOQ==",
      "dependencies": {
        "csstype": "^3.1.0",
        "seroval": "^1.0.3",
        "seroval-plugins": "^1.0.3"
      }
    }
  }
}
